// !$*UTF8*$!
{
	archiveVersion = 1;
	classes = {
	};
	objectVersion = 46;
	objects = {

/* Begin PBXBuildFile section */
		5EDB0C131D0D100200554623 /* main.m in Sources */ = {isa = PBXBuildFile; fileRef = 5EDB0C121D0D100200554623 /* main.m */; };
		5EDB0C161D0D100200554623 /* AppDelegate.m in Sources */ = {isa = PBXBuildFile; fileRef = 5EDB0C151D0D100200554623 /* AppDelegate.m */; };
		5EDB0C191D0D100200554623 /* ViewController.m in Sources */ = {isa = PBXBuildFile; fileRef = 5EDB0C181D0D100200554623 /* ViewController.m */; };
		5EDB0C1C1D0D100200554623 /* Main.storyboard in Resources */ = {isa = PBXBuildFile; fileRef = 5EDB0C1A1D0D100200554623 /* Main.storyboard */; };
		5EDB0C1E1D0D100200554623 /* Assets.xcassets in Resources */ = {isa = PBXBuildFile; fileRef = 5EDB0C1D1D0D100200554623 /* Assets.xcassets */; };
		5EDB0C211D0D100200554623 /* LaunchScreen.storyboard in Resources */ = {isa = PBXBuildFile; fileRef = 5EDB0C1F1D0D100200554623 /* LaunchScreen.storyboard */; };
		C6A706FDD800DC857100DB55 /* libPods-彼岸TS.a in Frameworks */ = {isa = PBXBuildFile; fileRef = 088054EE395EED368BB67F3E /* libPods-彼岸TS.a */; };
/* End PBXBuildFile section */

/* Begin PBXFileReference section */
		003BBE5FCFE3C75E807D83BC /* Pods-彼岸TS.debug.xcconfig */ = {isa = PBXFileReference; includeInIndex = 1; lastKnownFileType = text.xcconfig; name = "Pods-彼岸TS.debug.xcconfig"; path = "Pods/Target Support Files/Pods-彼岸TS/Pods-彼岸TS.debug.xcconfig"; sourceTree = "<group>"; };
		088054EE395EED368BB67F3E /* libPods-彼岸TS.a */ = {isa = PBXFileReference; explicitFileType = archive.ar; includeInIndex = 0; path = "libPods-彼岸TS.a"; sourceTree = BUILT_PRODUCTS_DIR; };
		5EDB0C0E1D0D100100554623 /* 彼岸TS.app */ = {isa = PBXFileReference; explicitFileType = wrapper.application; includeInIndex = 0; path = "彼岸TS.app"; sourceTree = BUILT_PRODUCTS_DIR; };
		5EDB0C121D0D100200554623 /* main.m */ = {isa = PBXFileReference; lastKnownFileType = sourcecode.c.objc; path = main.m; sourceTree = "<group>"; };
		5EDB0C141D0D100200554623 /* AppDelegate.h */ = {isa = PBXFileReference; lastKnownFileType = sourcecode.c.h; path = AppDelegate.h; sourceTree = "<group>"; };
		5EDB0C151D0D100200554623 /* AppDelegate.m */ = {isa = PBXFileReference; lastKnownFileType = sourcecode.c.objc; path = AppDelegate.m; sourceTree = "<group>"; };
		5EDB0C171D0D100200554623 /* ViewController.h */ = {isa = PBXFileReference; lastKnownFileType = sourcecode.c.h; path = ViewController.h; sourceTree = "<group>"; };
		5EDB0C181D0D100200554623 /* ViewController.m */ = {isa = PBXFileReference; lastKnownFileType = sourcecode.c.objc; path = ViewController.m; sourceTree = "<group>"; };
		5EDB0C1B1D0D100200554623 /* Base */ = {isa = PBXFileReference; lastKnownFileType = file.storyboard; name = Base; path = Base.lproj/Main.storyboard; sourceTree = "<group>"; };
		5EDB0C1D1D0D100200554623 /* Assets.xcassets */ = {isa = PBXFileReference; lastKnownFileType = folder.assetcatalog; path = Assets.xcassets; sourceTree = "<group>"; };
		5EDB0C201D0D100200554623 /* Base */ = {isa = PBXFileReference; lastKnownFileType = file.storyboard; name = Base; path = Base.lproj/LaunchScreen.storyboard; sourceTree = "<group>"; };
		5EDB0C221D0D100200554623 /* Info.plist */ = {isa = PBXFileReference; lastKnownFileType = text.plist.xml; path = Info.plist; sourceTree = "<group>"; };
		5EDB0C281D0D519400554623 /* BTS.pch */ = {isa = PBXFileReference; lastKnownFileType = sourcecode.c.h; path = BTS.pch; sourceTree = "<group>"; };
		C30DBBB88E63A0AC9222453E /* Pods-彼岸TS.release.xcconfig */ = {isa = PBXFileReference; includeInIndex = 1; lastKnownFileType = text.xcconfig; name = "Pods-彼岸TS.release.xcconfig"; path = "Pods/Target Support Files/Pods-彼岸TS/Pods-彼岸TS.release.xcconfig"; sourceTree = "<group>"; };
/* End PBXFileReference section */

/* Begin PBXFrameworksBuildPhase section */
		5EDB0C0B1D0D100100554623 /* Frameworks */ = {
			isa = PBXFrameworksBuildPhase;
			buildActionMask = 2147483647;
			files = (
				C6A706FDD800DC857100DB55 /* libPods-彼岸TS.a in Frameworks */,
			);
			runOnlyForDeploymentPostprocessing = 0;
		};
/* End PBXFrameworksBuildPhase section */

/* Begin PBXGroup section */
		5EDB0C051D0D100100554623 = {
			isa = PBXGroup;
			children = (
				5EDB0C101D0D100200554623 /* 彼岸TS */,
				5EDB0C0F1D0D100100554623 /* Products */,
				C900C5C09F3F174D3F05E20D /* Pods */,
				B5BA4C10F8A601CF3B0DE2D2 /* Frameworks */,
			);
			sourceTree = "<group>";
		};
		5EDB0C0F1D0D100100554623 /* Products */ = {
			isa = PBXGroup;
			children = (
				5EDB0C0E1D0D100100554623 /* 彼岸TS.app */,
			);
			name = Products;
			sourceTree = "<group>";
		};
		5EDB0C101D0D100200554623 /* 彼岸TS */ = {
			isa = PBXGroup;
			children = (
				5EDB0C141D0D100200554623 /* AppDelegate.h */,
				5EDB0C151D0D100200554623 /* AppDelegate.m */,
				5EDB0C171D0D100200554623 /* ViewController.h */,
				5EDB0C181D0D100200554623 /* ViewController.m */,
				5EDB0C1A1D0D100200554623 /* Main.storyboard */,
				5EDB0C1D1D0D100200554623 /* Assets.xcassets */,
				5EDB0C1F1D0D100200554623 /* LaunchScreen.storyboard */,
				5EDB0C221D0D100200554623 /* Info.plist */,
				5EDB0C111D0D100200554623 /* Supporting Files */,
			);
			path = "彼岸TS";
			sourceTree = "<group>";
		};
		5EDB0C111D0D100200554623 /* Supporting Files */ = {
			isa = PBXGroup;
			children = (
				5EDB0C121D0D100200554623 /* main.m */,
				5EDB0C281D0D519400554623 /* BTS.pch */,
			);
			name = "Supporting Files";
			sourceTree = "<group>";
		};
		B5BA4C10F8A601CF3B0DE2D2 /* Frameworks */ = {
			isa = PBXGroup;
			children = (
				088054EE395EED368BB67F3E /* libPods-彼岸TS.a */,
			);
			name = Frameworks;
			sourceTree = "<group>";
		};
		C900C5C09F3F174D3F05E20D /* Pods */ = {
			isa = PBXGroup;
			children = (
				003BBE5FCFE3C75E807D83BC /* Pods-彼岸TS.debug.xcconfig */,
				C30DBBB88E63A0AC9222453E /* Pods-彼岸TS.release.xcconfig */,
			);
			name = Pods;
			sourceTree = "<group>";
		};
/* End PBXGroup section */

/* Begin PBXNativeTarget section */
		5EDB0C0D1D0D100100554623 /* 彼岸TS */ = {
			isa = PBXNativeTarget;
			buildConfigurationList = 5EDB0C251D0D100200554623 /* Build configuration list for PBXNativeTarget "彼岸TS" */;
			buildPhases = (
				C1870EA30070EE9F8450C69B /* [CP] Check Pods Manifest.lock */,
				5EDB0C0A1D0D100100554623 /* Sources */,
				5EDB0C0B1D0D100100554623 /* Frameworks */,
				5EDB0C0C1D0D100100554623 /* Resources */,
				CA94D97977D343406AF06C5A /* [CP] Embed Pods Frameworks */,
				766F36F51DDC4594394AE26F /* [CP] Copy Pods Resources */,
			);
			buildRules = (
			);
			dependencies = (
			);
			name = "彼岸TS";
			productName = "彼岸TS";
			productReference = 5EDB0C0E1D0D100100554623 /* 彼岸TS.app */;
			productType = "com.apple.product-type.application";
		};
/* End PBXNativeTarget section */

/* Begin PBXProject section */
		5EDB0C061D0D100100554623 /* Project object */ = {
			isa = PBXProject;
			attributes = {
				LastUpgradeCheck = 0730;
				ORGANIZATIONNAME = PF;
				TargetAttributes = {
					5EDB0C0D1D0D100100554623 = {
						CreatedOnToolsVersion = 7.3;
					};
				};
			};
			buildConfigurationList = 5EDB0C091D0D100100554623 /* Build configuration list for PBXProject "彼岸TS" */;
			compatibilityVersion = "Xcode 3.2";
			developmentRegion = English;
			hasScannedForEncodings = 0;
			knownRegions = (
				en,
				Base,
			);
			mainGroup = 5EDB0C051D0D100100554623;
			productRefGroup = 5EDB0C0F1D0D100100554623 /* Products */;
			projectDirPath = "";
			projectRoot = "";
			targets = (
				5EDB0C0D1D0D100100554623 /* 彼岸TS */,
			);
		};
/* End PBXProject section */

/* Begin PBXResourcesBuildPhase section */
		5EDB0C0C1D0D100100554623 /* Resources */ = {
			isa = PBXResourcesBuildPhase;
			buildActionMask = 2147483647;
			files = (
				5EDB0C211D0D100200554623 /* LaunchScreen.storyboard in Resources */,
				5EDB0C1E1D0D100200554623 /* Assets.xcassets in Resources */,
				5EDB0C1C1D0D100200554623 /* Main.storyboard in Resources */,
			);
			runOnlyForDeploymentPostprocessing = 0;
		};
/* End PBXResourcesBuildPhase section */

/* Begin PBXShellScriptBuildPhase section */
		766F36F51DDC4594394AE26F /* [CP] Copy Pods Resources */ = {
			isa = PBXShellScriptBuildPhase;
			buildActionMask = 2147483647;
			files = (
			);
			inputPaths = (
			);
			name = "[CP] Copy Pods Resources";
			outputPaths = (
			);
			runOnlyForDeploymentPostprocessing = 0;
			shellPath = /bin/sh;
			shellScript = "\"${SRCROOT}/Pods/Target Support Files/Pods-彼岸TS/Pods-彼岸TS-resources.sh\"\n";
			showEnvVarsInLog = 0;
		};
		C1870EA30070EE9F8450C69B /* [CP] Check Pods Manifest.lock */ = {
			isa = PBXShellScriptBuildPhase;
			buildActionMask = 2147483647;
			files = (
			);
			inputPaths = (
			);
			name = "[CP] Check Pods Manifest.lock";
			outputPaths = (
			);
			runOnlyForDeploymentPostprocessing = 0;
			shellPath = /bin/sh;
			shellScript = "diff \"${PODS_ROOT}/../Podfile.lock\" \"${PODS_ROOT}/Manifest.lock\" > /dev/null\nif [[ $? != 0 ]] ; then\n    cat << EOM\nerror: The sandbox is not in sync with the Podfile.lock. Run 'pod install' or update your CocoaPods installation.\nEOM\n    exit 1\nfi\n";
			showEnvVarsInLog = 0;
		};
		CA94D97977D343406AF06C5A /* [CP] Embed Pods Frameworks */ = {
			isa = PBXShellScriptBuildPhase;
			buildActionMask = 2147483647;
			files = (
			);
			inputPaths = (
			);
			name = "[CP] Embed Pods Frameworks";
			outputPaths = (
			);
			runOnlyForDeploymentPostprocessing = 0;
			shellPath = /bin/sh;
			shellScript = "\"${SRCROOT}/Pods/Target Support Files/Pods-彼岸TS/Pods-彼岸TS-frameworks.sh\"\n";
			showEnvVarsInLog = 0;
		};
/* End PBXShellScriptBuildPhase section */

/* Begin PBXSourcesBuildPhase section */
		5EDB0C0A1D0D100100554623 /* Sources */ = {
			isa = PBXSourcesBuildPhase;
			buildActionMask = 2147483647;
			files = (
				5EDB0C191D0D100200554623 /* ViewController.m in Sources */,
				5EDB0C161D0D100200554623 /* AppDelegate.m in Sources */,
				5EDB0C131D0D100200554623 /* main.m in Sources */,
			);
			runOnlyForDeploymentPostprocessing = 0;
		};
/* End PBXSourcesBuildPhase section */

/* Begin PBXVariantGroup section */
		5EDB0C1A1D0D100200554623 /* Main.storyboard */ = {
			isa = PBXVariantGroup;
			children = (
				5EDB0C1B1D0D100200554623 /* Base */,
			);
			name = Main.storyboard;
			sourceTree = "<group>";
		};
		5EDB0C1F1D0D100200554623 /* LaunchScreen.storyboard */ = {
			isa = PBXVariantGroup;
			children = (
				5EDB0C201D0D100200554623 /* Base */,
			);
			name = LaunchScreen.storyboard;
			sourceTree = "<group>";
		};
/* End PBXVariantGroup section */

/* Begin XCBuildConfiguration section */
		5EDB0C231D0D100200554623 /* Debug */ = {
			isa = XCBuildConfiguration;
			buildSettings = {
				ALWAYS_SEARCH_USER_PATHS = NO;
				CLANG_ANALYZER_NONNULL = YES;
				CLANG_CXX_LANGUAGE_STANDARD = "gnu++0x";
				CLANG_CXX_LIBRARY = "libc++";
				CLANG_ENABLE_MODULES = YES;
				CLANG_ENABLE_OBJC_ARC = YES;
				CLANG_WARN_BOOL_CONVERSION = YES;
				CLANG_WARN_CONSTANT_CONVERSION = YES;
				CLANG_WARN_DIRECT_OBJC_ISA_USAGE = YES_ERROR;
				CLANG_WARN_EMPTY_BODY = YES;
				CLANG_WARN_ENUM_CONVERSION = YES;
				CLANG_WARN_INT_CONVERSION = YES;
				CLANG_WARN_OBJC_ROOT_CLASS = YES_ERROR;
				CLANG_WARN_UNREACHABLE_CODE = YES;
				CLANG_WARN__DUPLICATE_METHOD_MATCH = YES;
				"CODE_SIGN_IDENTITY[sdk=iphoneos*]" = "iPhone Developer";
				COPY_PHASE_STRIP = NO;
				DEBUG_INFORMATION_FORMAT = dwarf;
				ENABLE_STRICT_OBJC_MSGSEND = YES;
				ENABLE_TESTABILITY = YES;
				GCC_C_LANGUAGE_STANDARD = gnu99;
				GCC_DYNAMIC_NO_PIC = NO;
				GCC_NO_COMMON_BLOCKS = YES;
				GCC_OPTIMIZATION_LEVEL = 0;
				GCC_PREPROCESSOR_DEFINITIONS = (
					"DEBUG=1",
					"$(inherited)",
				);
				GCC_WARN_64_TO_32_BIT_CONVERSION = YES;
				GCC_WARN_ABOUT_RETURN_TYPE = YES_ERROR;
				GCC_WARN_UNDECLARED_SELECTOR = YES;
				GCC_WARN_UNINITIALIZED_AUTOS = YES_AGGRESSIVE;
				GCC_WARN_UNUSED_FUNCTION = YES;
				GCC_WARN_UNUSED_VARIABLE = YES;
				IPHONEOS_DEPLOYMENT_TARGET = 9.3;
				MTL_ENABLE_DEBUG_INFO = YES;
				ONLY_ACTIVE_ARCH = YES;
				SDKROOT = iphoneos;
				TARGETED_DEVICE_FAMILY = "1,2";
			};
			name = Debug;
		};
		5EDB0C241D0D100200554623 /* Release */ = {
			isa = XCBuildConfiguration;
			buildSettings = {
				ALWAYS_SEARCH_USER_PATHS = NO;
				CLANG_ANALYZER_NONNULL = YES;
				CLANG_CXX_LANGUAGE_STANDARD = "gnu++0x";
				CLANG_CXX_LIBRARY = "libc++";
				CLANG_ENABLE_MODULES = YES;
				CLANG_ENABLE_OBJC_ARC = YES;
				CLANG_WARN_BOOL_CONVERSION = YES;
				CLANG_WARN_CONSTANT_CONVERSION = YES;
				CLANG_WARN_DIRECT_OBJC_ISA_USAGE = YES_ERROR;
				CLANG_WARN_EMPTY_BODY = YES;
				CLANG_WARN_ENUM_CONVERSION = YES;
				CLANG_WARN_INT_CONVERSION = YES;
				CLANG_WARN_OBJC_ROOT_CLASS = YES_ERROR;
				CLANG_WARN_UNREACHABLE_CODE = YES;
				CLANG_WARN__DUPLICATE_METHOD_MATCH = YES;
				"CODE_SIGN_IDENTITY[sdk=iphoneos*]" = "iPhone Developer";
				COPY_PHASE_STRIP = NO;
				DEBUG_INFORMATION_FORMAT = "dwarf-with-dsym";
				ENABLE_NS_ASSERTIONS = NO;
				ENABLE_STRICT_OBJC_MSGSEND = YES;
				GCC_C_LANGUAGE_STANDARD = gnu99;
				GCC_NO_COMMON_BLOCKS = YES;
				GCC_WARN_64_TO_32_BIT_CONVERSION = YES;
				GCC_WARN_ABOUT_RETURN_TYPE = YES_ERROR;
				GCC_WARN_UNDECLARED_SELECTOR = YES;
				GCC_WARN_UNINITIALIZED_AUTOS = YES_AGGRESSIVE;
				GCC_WARN_UNUSED_FUNCTION = YES;
				GCC_WARN_UNUSED_VARIABLE = YES;
				IPHONEOS_DEPLOYMENT_TARGET = 9.3;
				MTL_ENABLE_DEBUG_INFO = NO;
				SDKROOT = iphoneos;
				TARGETED_DEVICE_FAMILY = "1,2";
				VALIDATE_PRODUCT = YES;
			};
			name = Release;
		};
		5EDB0C261D0D100200554623 /* Debug */ = {
			isa = XCBuildConfiguration;
			baseConfigurationReference = 003BBE5FCFE3C75E807D83BC /* Pods-彼岸TS.debug.xcconfig */;
			buildSettings = {
				ASSETCATALOG_COMPILER_APPICON_NAME = AppIcon;
				GCC_PREFIX_HEADER = "$(PROJECT)/BTS.pch";
				INFOPLIST_FILE = "彼岸TS/Info.plist";
				IPHONEOS_DEPLOYMENT_TARGET = 8.2;
				LD_RUNPATH_SEARCH_PATHS = "$(inherited) @executable_path/Frameworks";
				PRODUCT_BUNDLE_IDENTIFIER = com.ifeng.BTS;
				PRODUCT_NAME = "$(TARGET_NAME)";
			};
			name = Debug;
		};
		5EDB0C271D0D100200554623 /* Release */ = {
			isa = XCBuildConfiguration;
			baseConfigurationReference = C30DBBB88E63A0AC9222453E /* Pods-彼岸TS.release.xcconfig */;
			buildSettings = {
				ASSETCATALOG_COMPILER_APPICON_NAME = AppIcon;
				GCC_PREFIX_HEADER = "$(PROJECT)/BTS.pch";
				INFOPLIST_FILE = "彼岸TS/Info.plist";
				IPHONEOS_DEPLOYMENT_TARGET = 8.2;
				LD_RUNPATH_SEARCH_PATHS = "$(inherited) @executable_path/Frameworks";
				PRODUCT_BUNDLE_IDENTIFIER = com.ifeng.BTS;
				PRODUCT_NAME = "$(TARGET_NAME)";
			};
			name = Release;
		};
/* End XCBuildConfiguration section */

/* Begin XCConfigurationList section */
		5EDB0C091D0D100100554623 /* Build configuration list for PBXProject "彼岸TS" */ = {
			isa = XCConfigurationList;
			buildConfigurations = (
				5EDB0C231D0D100200554623 /* Debug */,
				5EDB0C241D0D100200554623 /* Release */,
			);
			defaultConfigurationIsVisible = 0;
			defaultConfigurationName = Release;
		};
		5EDB0C251D0D100200554623 /* Build configuration list for PBXNativeTarget "彼岸TS" */ = {
			isa = XCConfigurationList;
			buildConfigurations = (
				5EDB0C261D0D100200554623 /* Debug */,
				5EDB0C271D0D100200554623 /* Release */,
			);
			defaultConfigurationIsVisible = 0;
			defaultConfigurationName = Release;
		};
/* End XCConfigurationList section */
	};
	rootObject = 5EDB0C061D0D100100554623 /* Project object */;
}
